// !$*UTF8*$!
{
	archiveVersion = 1;
	classes = {
	};
	objectVersion = 46;
	objects = {

/* Begin PBXBuildFile section */
		122FD14194E7B1DF34DA2C93 /* libPods-openGL_ES2.0_practice.a in Frameworks */ = {isa = PBXBuildFile; fileRef = FC6E877C7DED4DCFC9227CD9 /* libPods-openGL_ES2.0_practice.a */; };
		E7138DF21F97257D00D5A2B5 /* MDGPUImage_002.m in Sources */ = {isa = PBXBuildFile; fileRef = E7138DF11F97257D00D5A2B5 /* MDGPUImage_002.m */; };
		E7138DFF1F9889F400D5A2B5 /* MDGPUImage_003.m in Sources */ = {isa = PBXBuildFile; fileRef = E7138DFE1F9889F400D5A2B5 /* MDGPUImage_003.m */; };
		E7138E021F988AA200D5A2B5 /* GPUImageBeautifyFilter.m in Sources */ = {isa = PBXBuildFile; fileRef = E7138E011F988AA200D5A2B5 /* GPUImageBeautifyFilter.m */; };
		E7138E061F98B60400D5A2B5 /* MDGPUImage_004.m in Sources */ = {isa = PBXBuildFile; fileRef = E7138E051F98B60400D5A2B5 /* MDGPUImage_004.m */; };
		E74134C71F99D62000D49E69 /* MDGPUImage_006.m in Sources */ = {isa = PBXBuildFile; fileRef = E74134C61F99D62000D49E69 /* MDGPUImage_006.m */; };
		E74134CE1F99F31B00D49E69 /* MDGPUimage_005.m in Sources */ = {isa = PBXBuildFile; fileRef = E74134CD1F99F31B00D49E69 /* MDGPUimage_005.m */; };
		E74134D31F99FB0300D49E69 /* face.png in Resources */ = {isa = PBXBuildFile; fileRef = E74134D21F99FB0300D49E69 /* face.png */; };
		E75FFE5F1F9A116C0064410A /* MDGPUImage_007.m in Sources */ = {isa = PBXBuildFile; fileRef = E75FFE5E1F9A116C0064410A /* MDGPUImage_007.m */; };
		E78E78521F8F0DD10051CDCA /* main.m in Sources */ = {isa = PBXBuildFile; fileRef = E78E78511F8F0DD10051CDCA /* main.m */; };
		E78E78551F8F0DD10051CDCA /* AppDelegate.m in Sources */ = {isa = PBXBuildFile; fileRef = E78E78541F8F0DD10051CDCA /* AppDelegate.m */; };
		E78E78581F8F0DD10051CDCA /* ViewController.m in Sources */ = {isa = PBXBuildFile; fileRef = E78E78571F8F0DD10051CDCA /* ViewController.m */; };
		E78E785B1F8F0DD10051CDCA /* Main.storyboard in Resources */ = {isa = PBXBuildFile; fileRef = E78E78591F8F0DD10051CDCA /* Main.storyboard */; };
		E78E785D1F8F0DD10051CDCA /* Assets.xcassets in Resources */ = {isa = PBXBuildFile; fileRef = E78E785C1F8F0DD10051CDCA /* Assets.xcassets */; };
		E78E78601F8F0DD10051CDCA /* LaunchScreen.storyboard in Resources */ = {isa = PBXBuildFile; fileRef = E78E785E1F8F0DD10051CDCA /* LaunchScreen.storyboard */; };
		E78E786B1F8F0DD10051CDCA /* openGL_ES2_0_practiceTests.m in Sources */ = {isa = PBXBuildFile; fileRef = E78E786A1F8F0DD10051CDCA /* openGL_ES2_0_practiceTests.m */; };
		E78E78761F8F0DD10051CDCA /* openGL_ES2_0_practiceUITests.m in Sources */ = {isa = PBXBuildFile; fileRef = E78E78751F8F0DD10051CDCA /* openGL_ES2_0_practiceUITests.m */; };
		E78E78851F8F0E310051CDCA /* MDOpenGLBaseController.m in Sources */ = {isa = PBXBuildFile; fileRef = E78E78841F8F0E310051CDCA /* MDOpenGLBaseController.m */; };
		E78E788E1F8F0F9E0051CDCA /* MDESEentrance_001.m in Sources */ = {isa = PBXBuildFile; fileRef = E78E788D1F8F0F9E0051CDCA /* MDESEentrance_001.m */; };
		E78E78901F8F17DE0051CDCA /* for_test.jpg in Resources */ = {isa = PBXBuildFile; fileRef = E78E788F1F8F17DE0051CDCA /* for_test.jpg */; };
		E78E78931F8F1F810051CDCA /* MDESEentrance_002.m in Sources */ = {isa = PBXBuildFile; fileRef = E78E78921F8F1F810051CDCA /* MDESEentrance_002.m */; };
		E78E78971F8F211C0051CDCA /* MDLearnView_002.m in Sources */ = {isa = PBXBuildFile; fileRef = E78E78961F8F211C0051CDCA /* MDLearnView_002.m */; };
		E78E789A1F8F23430051CDCA /* shaderv_002.vsh in Resources */ = {isa = PBXBuildFile; fileRef = E78E78991F8F23430051CDCA /* shaderv_002.vsh */; };
		E78E789C1F8F235B0051CDCA /* shaderf_002.fsh in Resources */ = {isa = PBXBuildFile; fileRef = E78E789B1F8F235B0051CDCA /* shaderf_002.fsh */; };
		E78E789F1F8F62960051CDCA /* MDESEentrance_003.m in Sources */ = {isa = PBXBuildFile; fileRef = E78E789E1F8F62960051CDCA /* MDESEentrance_003.m */; };
		E78E78A21F8F62E40051CDCA /* MDLearnView_003.m in Sources */ = {isa = PBXBuildFile; fileRef = E78E78A11F8F62E40051CDCA /* MDLearnView_003.m */; };
		E78E78A41F8F66EC0051CDCA /* shaderv_003.vsh in Resources */ = {isa = PBXBuildFile; fileRef = E78E78A31F8F66EC0051CDCA /* shaderv_003.vsh */; };
		E78E78A61F8F67040051CDCA /* shaderf_003.fsh in Resources */ = {isa = PBXBuildFile; fileRef = E78E78A51F8F67040051CDCA /* shaderf_003.fsh */; };
		E78E78AE1F8F69B60051CDCA /* GLESMath.c in Sources */ = {isa = PBXBuildFile; fileRef = E78E78A81F8F69B60051CDCA /* GLESMath.c */; };
		E78E78AF1F8F69B60051CDCA /* GLESUtils.m in Sources */ = {isa = PBXBuildFile; fileRef = E78E78AB1F8F69B60051CDCA /* GLESUtils.m */; };
		E7901EE71F99FE3000D35249 /* abc.mp4 in Resources */ = {isa = PBXBuildFile; fileRef = E7901EE61F99FE3000D35249 /* abc.mp4 */; };
		E7C1627B1F945789008C0027 /* MDGLPaintController.m in Sources */ = {isa = PBXBuildFile; fileRef = E7C1627A1F945789008C0027 /* MDGLPaintController.m */; };
		E7C1627E1F9457A5008C0027 /* MDPaintingView.m in Sources */ = {isa = PBXBuildFile; fileRef = E7C1627D1F9457A5008C0027 /* MDPaintingView.m */; };
		E7C162811F945883008C0027 /* SoundEffect.m in Sources */ = {isa = PBXBuildFile; fileRef = E7C162801F945883008C0027 /* SoundEffect.m */; };
		E7C162851F9458DC008C0027 /* fileUtil.m in Sources */ = {isa = PBXBuildFile; fileRef = E7C162841F9458DC008C0027 /* fileUtil.m */; };
		E7C1628D1F9458F9008C0027 /* Blue.png in Resources */ = {isa = PBXBuildFile; fileRef = E7C162881F9458F9008C0027 /* Blue.png */; };
		E7C1628E1F9458F9008C0027 /* Green.png in Resources */ = {isa = PBXBuildFile; fileRef = E7C162891F9458F9008C0027 /* Green.png */; };
		E7C1628F1F9458F9008C0027 /* Purple.png in Resources */ = {isa = PBXBuildFile; fileRef = E7C1628A1F9458F9008C0027 /* Purple.png */; };
		E7C162901F9458F9008C0027 /* Red.png in Resources */ = {isa = PBXBuildFile; fileRef = E7C1628B1F9458F9008C0027 /* Red.png */; };
		E7C162911F9458F9008C0027 /* Yellow.png in Resources */ = {isa = PBXBuildFile; fileRef = E7C1628C1F9458F9008C0027 /* Yellow.png */; };
		E7C162931F945904008C0027 /* Particle.png in Resources */ = {isa = PBXBuildFile; fileRef = E7C162921F945904008C0027 /* Particle.png */; };
		E7C162961F9497DE008C0027 /* shaderv_painting.vsh in Resources */ = {isa = PBXBuildFile; fileRef = E7C162951F9497DE008C0027 /* shaderv_painting.vsh */; };
		E7C162981F949801008C0027 /* shaderf_painting.fsh in Resources */ = {isa = PBXBuildFile; fileRef = E7C162971F949801008C0027 /* shaderf_painting.fsh */; };
		E7C1629C1F94A730008C0027 /* shaderUtil.c in Sources */ = {isa = PBXBuildFile; fileRef = E7C1629A1F94A730008C0027 /* shaderUtil.c */; };
		E7FFC8AA1F94DDEC00D86470 /* MDGPUImageBaseController.m in Sources */ = {isa = PBXBuildFile; fileRef = E7FFC8A91F94DDEC00D86470 /* MDGPUImageBaseController.m */; };
/* End PBXBuildFile section */

/* Begin PBXContainerItemProxy section */
		E78E78671F8F0DD10051CDCA /* PBXContainerItemProxy */ = {
			isa = PBXContainerItemProxy;
			containerPortal = E78E78451F8F0DD10051CDCA /* Project object */;
			proxyType = 1;
			remoteGlobalIDString = E78E784C1F8F0DD10051CDCA;
			remoteInfo = openGL_ES2.0_practice;
		};
		E78E78721F8F0DD10051CDCA /* PBXContainerItemProxy */ = {
			isa = PBXContainerItemProxy;
			containerPortal = E78E78451F8F0DD10051CDCA /* Project object */;
			proxyType = 1;
			remoteGlobalIDString = E78E784C1F8F0DD10051CDCA;
			remoteInfo = openGL_ES2.0_practice;
		};
/* End PBXContainerItemProxy section */

/* Begin PBXFileReference section */
		A800D762BA549E6B97553D4A /* Pods-openGL_ES2.0_practice.debug.xcconfig */ = {isa = PBXFileReference; includeInIndex = 1; lastKnownFileType = text.xcconfig; name = "Pods-openGL_ES2.0_practice.debug.xcconfig"; path = "Pods/Target Support Files/Pods-openGL_ES2.0_practice/Pods-openGL_ES2.0_practice.debug.xcconfig"; sourceTree = "<group>"; };
		C9523FBBB66C19E208DCC5E9 /* Pods-openGL_ES2.0_practice.release.xcconfig */ = {isa = PBXFileReference; includeInIndex = 1; lastKnownFileType = text.xcconfig; name = "Pods-openGL_ES2.0_practice.release.xcconfig"; path = "Pods/Target Support Files/Pods-openGL_ES2.0_practice/Pods-openGL_ES2.0_practice.release.xcconfig"; sourceTree = "<group>"; };
		E7138DF01F97257D00D5A2B5 /* MDGPUImage_002.h */ = {isa = PBXFileReference; fileEncoding = 4; lastKnownFileType = sourcecode.c.h; path = MDGPUImage_002.h; sourceTree = "<group>"; };
		E7138DF11F97257D00D5A2B5 /* MDGPUImage_002.m */ = {isa = PBXFileReference; fileEncoding = 4; lastKnownFileType = sourcecode.c.objc; path = MDGPUImage_002.m; sourceTree = "<group>"; };
		E7138DFD1F9889F400D5A2B5 /* MDGPUImage_003.h */ = {isa = PBXFileReference; fileEncoding = 4; lastKnownFileType = sourcecode.c.h; path = MDGPUImage_003.h; sourceTree = "<group>"; };
		E7138DFE1F9889F400D5A2B5 /* MDGPUImage_003.m */ = {isa = PBXFileReference; fileEncoding = 4; lastKnownFileType = sourcecode.c.objc; path = MDGPUImage_003.m; sourceTree = "<group>"; };
		E7138E001F988AA200D5A2B5 /* GPUImageBeautifyFilter.h */ = {isa = PBXFileReference; fileEncoding = 4; lastKnownFileType = sourcecode.c.h; path = GPUImageBeautifyFilter.h; sourceTree = "<group>"; };
		E7138E011F988AA200D5A2B5 /* GPUImageBeautifyFilter.m */ = {isa = PBXFileReference; fileEncoding = 4; lastKnownFileType = sourcecode.c.objc; path = GPUImageBeautifyFilter.m; sourceTree = "<group>"; };
		E7138E041F98B60400D5A2B5 /* MDGPUImage_004.h */ = {isa = PBXFileReference; fileEncoding = 4; lastKnownFileType = sourcecode.c.h; path = MDGPUImage_004.h; sourceTree = "<group>"; };
		E7138E051F98B60400D5A2B5 /* MDGPUImage_004.m */ = {isa = PBXFileReference; fileEncoding = 4; lastKnownFileType = sourcecode.c.objc; path = MDGPUImage_004.m; sourceTree = "<group>"; };
		E74134C51F99D62000D49E69 /* MDGPUImage_006.h */ = {isa = PBXFileReference; fileEncoding = 4; lastKnownFileType = sourcecode.c.h; path = MDGPUImage_006.h; sourceTree = "<group>"; };
		E74134C61F99D62000D49E69 /* MDGPUImage_006.m */ = {isa = PBXFileReference; fileEncoding = 4; lastKnownFileType = sourcecode.c.objc; path = MDGPUImage_006.m; sourceTree = "<group>"; };
		E74134CC1F99F31B00D49E69 /* MDGPUimage_005.h */ = {isa = PBXFileReference; fileEncoding = 4; lastKnownFileType = sourcecode.c.h; path = MDGPUimage_005.h; sourceTree = "<group>"; };
		E74134CD1F99F31B00D49E69 /* MDGPUimage_005.m */ = {isa = PBXFileReference; fileEncoding = 4; lastKnownFileType = sourcecode.c.objc; path = MDGPUimage_005.m; sourceTree = "<group>"; };
		E74134D21F99FB0300D49E69 /* face.png */ = {isa = PBXFileReference; lastKnownFileType = image.png; path = face.png; sourceTree = "<group>"; };
		E75FFE5D1F9A116C0064410A /* MDGPUImage_007.h */ = {isa = PBXFileReference; fileEncoding = 4; lastKnownFileType = sourcecode.c.h; path = MDGPUImage_007.h; sourceTree = "<group>"; };
		E75FFE5E1F9A116C0064410A /* MDGPUImage_007.m */ = {isa = PBXFileReference; fileEncoding = 4; lastKnownFileType = sourcecode.c.objc; path = MDGPUImage_007.m; sourceTree = "<group>"; };
		E78E784D1F8F0DD10051CDCA /* openGL_ES2.0_practice.app */ = {isa = PBXFileReference; explicitFileType = wrapper.application; includeInIndex = 0; path = openGL_ES2.0_practice.app; sourceTree = BUILT_PRODUCTS_DIR; };
		E78E78511F8F0DD10051CDCA /* main.m */ = {isa = PBXFileReference; lastKnownFileType = sourcecode.c.objc; path = main.m; sourceTree = "<group>"; };
		E78E78531F8F0DD10051CDCA /* AppDelegate.h */ = {isa = PBXFileReference; lastKnownFileType = sourcecode.c.h; path = AppDelegate.h; sourceTree = "<group>"; };
		E78E78541F8F0DD10051CDCA /* AppDelegate.m */ = {isa = PBXFileReference; lastKnownFileType = sourcecode.c.objc; path = AppDelegate.m; sourceTree = "<group>"; };
		E78E78561F8F0DD10051CDCA /* ViewController.h */ = {isa = PBXFileReference; lastKnownFileType = sourcecode.c.h; path = ViewController.h; sourceTree = "<group>"; };
		E78E78571F8F0DD10051CDCA /* ViewController.m */ = {isa = PBXFileReference; lastKnownFileType = sourcecode.c.objc; path = ViewController.m; sourceTree = "<group>"; };
		E78E785A1F8F0DD10051CDCA /* Base */ = {isa = PBXFileReference; lastKnownFileType = file.storyboard; name = Base; path = Base.lproj/Main.storyboard; sourceTree = "<group>"; };
		E78E785C1F8F0DD10051CDCA /* Assets.xcassets */ = {isa = PBXFileReference; lastKnownFileType = folder.assetcatalog; path = Assets.xcassets; sourceTree = "<group>"; };
		E78E785F1F8F0DD10051CDCA /* Base */ = {isa = PBXFileReference; lastKnownFileType = file.storyboard; name = Base; path = Base.lproj/LaunchScreen.storyboard; sourceTree = "<group>"; };
		E78E78611F8F0DD10051CDCA /* Info.plist */ = {isa = PBXFileReference; lastKnownFileType = text.plist.xml; path = Info.plist; sourceTree = "<group>"; };
		E78E78661F8F0DD10051CDCA /* openGL_ES2.0_practiceTests.xctest */ = {isa = PBXFileReference; explicitFileType = wrapper.cfbundle; includeInIndex = 0; path = openGL_ES2.0_practiceTests.xctest; sourceTree = BUILT_PRODUCTS_DIR; };
		E78E786A1F8F0DD10051CDCA /* openGL_ES2_0_practiceTests.m */ = {isa = PBXFileReference; lastKnownFileType = sourcecode.c.objc; path = openGL_ES2_0_practiceTests.m; sourceTree = "<group>"; };
		E78E786C1F8F0DD10051CDCA /* Info.plist */ = {isa = PBXFileReference; lastKnownFileType = text.plist.xml; path = Info.plist; sourceTree = "<group>"; };
		E78E78711F8F0DD10051CDCA /* openGL_ES2.0_practiceUITests.xctest */ = {isa = PBXFileReference; explicitFileType = wrapper.cfbundle; includeInIndex = 0; path = openGL_ES2.0_practiceUITests.xctest; sourceTree = BUILT_PRODUCTS_DIR; };
		E78E78751F8F0DD10051CDCA /* openGL_ES2_0_practiceUITests.m */ = {isa = PBXFileReference; lastKnownFileType = sourcecode.c.objc; path = openGL_ES2_0_practiceUITests.m; sourceTree = "<group>"; };
		E78E78771F8F0DD10051CDCA /* Info.plist */ = {isa = PBXFileReference; lastKnownFileType = text.plist.xml; path = Info.plist; sourceTree = "<group>"; };
		E78E78831F8F0E310051CDCA /* MDOpenGLBaseController.h */ = {isa = PBXFileReference; fileEncoding = 4; lastKnownFileType = sourcecode.c.h; path = MDOpenGLBaseController.h; sourceTree = "<group>"; };
		E78E78841F8F0E310051CDCA /* MDOpenGLBaseController.m */ = {isa = PBXFileReference; fileEncoding = 4; lastKnownFileType = sourcecode.c.objc; path = MDOpenGLBaseController.m; sourceTree = "<group>"; };
		E78E788C1F8F0F9E0051CDCA /* MDESEentrance_001.h */ = {isa = PBXFileReference; fileEncoding = 4; lastKnownFileType = sourcecode.c.h; path = MDESEentrance_001.h; sourceTree = "<group>"; };
		E78E788D1F8F0F9E0051CDCA /* MDESEentrance_001.m */ = {isa = PBXFileReference; fileEncoding = 4; lastKnownFileType = sourcecode.c.objc; path = MDESEentrance_001.m; sourceTree = "<group>"; };
		E78E788F1F8F17DE0051CDCA /* for_test.jpg */ = {isa = PBXFileReference; lastKnownFileType = image.jpeg; path = for_test.jpg; sourceTree = "<group>"; };
		E78E78911F8F1F810051CDCA /* MDESEentrance_002.h */ = {isa = PBXFileReference; fileEncoding = 4; lastKnownFileType = sourcecode.c.h; path = MDESEentrance_002.h; sourceTree = "<group>"; };
		E78E78921F8F1F810051CDCA /* MDESEentrance_002.m */ = {isa = PBXFileReference; fileEncoding = 4; lastKnownFileType = sourcecode.c.objc; path = MDESEentrance_002.m; sourceTree = "<group>"; };
		E78E78951F8F211C0051CDCA /* MDLearnView_002.h */ = {isa = PBXFileReference; fileEncoding = 4; lastKnownFileType = sourcecode.c.h; path = MDLearnView_002.h; sourceTree = "<group>"; };
		E78E78961F8F211C0051CDCA /* MDLearnView_002.m */ = {isa = PBXFileReference; fileEncoding = 4; lastKnownFileType = sourcecode.c.objc; path = MDLearnView_002.m; sourceTree = "<group>"; };
		E78E78991F8F23430051CDCA /* shaderv_002.vsh */ = {isa = PBXFileReference; fileEncoding = 4; lastKnownFileType = sourcecode.glsl; path = shaderv_002.vsh; sourceTree = "<group>"; };
		E78E789B1F8F235B0051CDCA /* shaderf_002.fsh */ = {isa = PBXFileReference; fileEncoding = 4; lastKnownFileType = sourcecode.glsl; path = shaderf_002.fsh; sourceTree = "<group>"; };
		E78E789D1F8F62960051CDCA /* MDESEentrance_003.h */ = {isa = PBXFileReference; fileEncoding = 4; lastKnownFileType = sourcecode.c.h; path = MDESEentrance_003.h; sourceTree = "<group>"; };
		E78E789E1F8F62960051CDCA /* MDESEentrance_003.m */ = {isa = PBXFileReference; fileEncoding = 4; lastKnownFileType = sourcecode.c.objc; path = MDESEentrance_003.m; sourceTree = "<group>"; };
		E78E78A01F8F62E40051CDCA /* MDLearnView_003.h */ = {isa = PBXFileReference; fileEncoding = 4; lastKnownFileType = sourcecode.c.h; path = MDLearnView_003.h; sourceTree = "<group>"; };
		E78E78A11F8F62E40051CDCA /* MDLearnView_003.m */ = {isa = PBXFileReference; fileEncoding = 4; lastKnownFileType = sourcecode.c.objc; path = MDLearnView_003.m; sourceTree = "<group>"; };
		E78E78A31F8F66EC0051CDCA /* shaderv_003.vsh */ = {isa = PBXFileReference; fileEncoding = 4; lastKnownFileType = sourcecode.glsl; path = shaderv_003.vsh; sourceTree = "<group>"; };
		E78E78A51F8F67040051CDCA /* shaderf_003.fsh */ = {isa = PBXFileReference; fileEncoding = 4; lastKnownFileType = sourcecode.glsl; path = shaderf_003.fsh; sourceTree = "<group>"; };
		E78E78A81F8F69B60051CDCA /* GLESMath.c */ = {isa = PBXFileReference; fileEncoding = 4; lastKnownFileType = sourcecode.c.c; path = GLESMath.c; sourceTree = "<group>"; };
		E78E78A91F8F69B60051CDCA /* GLESMath.h */ = {isa = PBXFileReference; fileEncoding = 4; lastKnownFileType = sourcecode.c.h; path = GLESMath.h; sourceTree = "<group>"; };
		E78E78AA1F8F69B60051CDCA /* GLESUtils.h */ = {isa = PBXFileReference; fileEncoding = 4; lastKnownFileType = sourcecode.c.h; path = GLESUtils.h; sourceTree = "<group>"; };
		E78E78AB1F8F69B60051CDCA /* GLESUtils.m */ = {isa = PBXFileReference; fileEncoding = 4; lastKnownFileType = sourcecode.c.objc; path = GLESUtils.m; sourceTree = "<group>"; };
		E78E78AC1F8F69B60051CDCA /* Quaternion.h */ = {isa = PBXFileReference; fileEncoding = 4; lastKnownFileType = sourcecode.c.h; path = Quaternion.h; sourceTree = "<group>"; };
		E78E78AD1F8F69B60051CDCA /* Vector.h */ = {isa = PBXFileReference; fileEncoding = 4; lastKnownFileType = sourcecode.c.h; path = Vector.h; sourceTree = "<group>"; };
		E7901EE61F99FE3000D35249 /* abc.mp4 */ = {isa = PBXFileReference; lastKnownFileType = file; path = abc.mp4; sourceTree = "<group>"; };
		E7C162791F945789008C0027 /* MDGLPaintController.h */ = {isa = PBXFileReference; fileEncoding = 4; lastKnownFileType = sourcecode.c.h; path = MDGLPaintController.h; sourceTree = "<group>"; };
		E7C1627A1F945789008C0027 /* MDGLPaintController.m */ = {isa = PBXFileReference; fileEncoding = 4; lastKnownFileType = sourcecode.c.objc; path = MDGLPaintController.m; sourceTree = "<group>"; };
		E7C1627C1F9457A5008C0027 /* MDPaintingView.h */ = {isa = PBXFileReference; fileEncoding = 4; lastKnownFileType = sourcecode.c.h; path = MDPaintingView.h; sourceTree = "<group>"; };
		E7C1627D1F9457A5008C0027 /* MDPaintingView.m */ = {isa = PBXFileReference; fileEncoding = 4; lastKnownFileType = sourcecode.c.objc; path = MDPaintingView.m; sourceTree = "<group>"; };
		E7C1627F1F945883008C0027 /* SoundEffect.h */ = {isa = PBXFileReference; fileEncoding = 4; lastKnownFileType = sourcecode.c.h; path = SoundEffect.h; sourceTree = "<group>"; };
		E7C162801F945883008C0027 /* SoundEffect.m */ = {isa = PBXFileReference; fileEncoding = 4; lastKnownFileType = sourcecode.c.objc; path = SoundEffect.m; sourceTree = "<group>"; };
		E7C162821F9458DC008C0027 /* debug.h */ = {isa = PBXFileReference; fileEncoding = 4; lastKnownFileType = sourcecode.c.h; path = debug.h; sourceTree = "<group>"; };
		E7C162831F9458DC008C0027 /* fileUtil.h */ = {isa = PBXFileReference; fileEncoding = 4; lastKnownFileType = sourcecode.c.h; path = fileUtil.h; sourceTree = "<group>"; };
		E7C162841F9458DC008C0027 /* fileUtil.m */ = {isa = PBXFileReference; fileEncoding = 4; lastKnownFileType = sourcecode.c.objc; path = fileUtil.m; sourceTree = "<group>"; };
		E7C162861F9458EA008C0027 /* Select.caf */ = {isa = PBXFileReference; lastKnownFileType = file; path = Select.caf; sourceTree = "<group>"; };
		E7C162871F9458EA008C0027 /* Erase.caf */ = {isa = PBXFileReference; lastKnownFileType = file; path = Erase.caf; sourceTree = "<group>"; };
		E7C162881F9458F9008C0027 /* Blue.png */ = {isa = PBXFileReference; lastKnownFileType = image.png; path = Blue.png; sourceTree = "<group>"; };
		E7C162891F9458F9008C0027 /* Green.png */ = {isa = PBXFileReference; lastKnownFileType = image.png; path = Green.png; sourceTree = "<group>"; };
		E7C1628A1F9458F9008C0027 /* Purple.png */ = {isa = PBXFileReference; lastKnownFileType = image.png; path = Purple.png; sourceTree = "<group>"; };
		E7C1628B1F9458F9008C0027 /* Red.png */ = {isa = PBXFileReference; lastKnownFileType = image.png; path = Red.png; sourceTree = "<group>"; };
		E7C1628C1F9458F9008C0027 /* Yellow.png */ = {isa = PBXFileReference; lastKnownFileType = image.png; path = Yellow.png; sourceTree = "<group>"; };
		E7C162921F945904008C0027 /* Particle.png */ = {isa = PBXFileReference; lastKnownFileType = image.png; path = Particle.png; sourceTree = "<group>"; };
		E7C162951F9497DE008C0027 /* shaderv_painting.vsh */ = {isa = PBXFileReference; fileEncoding = 4; lastKnownFileType = sourcecode.glsl; path = shaderv_painting.vsh; sourceTree = "<group>"; };
		E7C162971F949801008C0027 /* shaderf_painting.fsh */ = {isa = PBXFileReference; fileEncoding = 4; lastKnownFileType = sourcecode.glsl; path = shaderf_painting.fsh; sourceTree = "<group>"; };
		E7C1629A1F94A730008C0027 /* shaderUtil.c */ = {isa = PBXFileReference; fileEncoding = 4; lastKnownFileType = sourcecode.c.c; path = shaderUtil.c; sourceTree = "<group>"; };
		E7C1629B1F94A730008C0027 /* shaderUtil.h */ = {isa = PBXFileReference; fileEncoding = 4; lastKnownFileType = sourcecode.c.h; path = shaderUtil.h; sourceTree = "<group>"; };
		E7FFC8A81F94DDEC00D86470 /* MDGPUImageBaseController.h */ = {isa = PBXFileReference; fileEncoding = 4; lastKnownFileType = sourcecode.c.h; path = MDGPUImageBaseController.h; sourceTree = "<group>"; };
		E7FFC8A91F94DDEC00D86470 /* MDGPUImageBaseController.m */ = {isa = PBXFileReference; fileEncoding = 4; lastKnownFileType = sourcecode.c.objc; path = MDGPUImageBaseController.m; sourceTree = "<group>"; };
		FC6E877C7DED4DCFC9227CD9 /* libPods-openGL_ES2.0_practice.a */ = {isa = PBXFileReference; explicitFileType = archive.ar; includeInIndex = 0; path = "libPods-openGL_ES2.0_practice.a"; sourceTree = BUILT_PRODUCTS_DIR; };
/* End PBXFileReference section */

/* Begin PBXFrameworksBuildPhase section */
		E78E784A1F8F0DD10051CDCA /* Frameworks */ = {
			isa = PBXFrameworksBuildPhase;
			buildActionMask = 2147483647;
			files = (
				122FD14194E7B1DF34DA2C93 /* libPods-openGL_ES2.0_practice.a in Frameworks */,
			);
			runOnlyForDeploymentPostprocessing = 0;
		};
		E78E78631F8F0DD10051CDCA /* Frameworks */ = {
			isa = PBXFrameworksBuildPhase;
			buildActionMask = 2147483647;
			files = (
			);
			runOnlyForDeploymentPostprocessing = 0;
		};
		E78E786E1F8F0DD10051CDCA /* Frameworks */ = {
			isa = PBXFrameworksBuildPhase;
			buildActionMask = 2147483647;
			files = (
			);
			runOnlyForDeploymentPostprocessing = 0;
		};
/* End PBXFrameworksBuildPhase section */

/* Begin PBXGroup section */
		31679E2F8D31413A53C2A760 /* Pods */ = {
			isa = PBXGroup;
			children = (
				A800D762BA549E6B97553D4A /* Pods-openGL_ES2.0_practice.debug.xcconfig */,
				C9523FBBB66C19E208DCC5E9 /* Pods-openGL_ES2.0_practice.release.xcconfig */,
			);
			name = Pods;
			sourceTree = "<group>";
		};
		AAF0DBB70B530DCDF35A0D8C /* Frameworks */ = {
			isa = PBXGroup;
			children = (
				FC6E877C7DED4DCFC9227CD9 /* libPods-openGL_ES2.0_practice.a */,
			);
			name = Frameworks;
			sourceTree = "<group>";
		};
		E78E78441F8F0DD10051CDCA = {
			isa = PBXGroup;
			children = (
				E78E784F1F8F0DD10051CDCA /* openGL_ES2.0_practice */,
				E78E78691F8F0DD10051CDCA /* openGL_ES2.0_practiceTests */,
				E78E78741F8F0DD10051CDCA /* openGL_ES2.0_practiceUITests */,
				E78E784E1F8F0DD10051CDCA /* Products */,
				31679E2F8D31413A53C2A760 /* Pods */,
				AAF0DBB70B530DCDF35A0D8C /* Frameworks */,
			);
			sourceTree = "<group>";
		};
		E78E784E1F8F0DD10051CDCA /* Products */ = {
			isa = PBXGroup;
			children = (
				E78E784D1F8F0DD10051CDCA /* openGL_ES2.0_practice.app */,
				E78E78661F8F0DD10051CDCA /* openGL_ES2.0_practiceTests.xctest */,
				E78E78711F8F0DD10051CDCA /* openGL_ES2.0_practiceUITests.xctest */,
			);
			name = Products;
			sourceTree = "<group>";
		};
		E78E784F1F8F0DD10051CDCA /* openGL_ES2.0_practice */ = {
			isa = PBXGroup;
			children = (
				E78E78A71F8F69980051CDCA /* utils */,
				E78E78891F8F0E990051CDCA /* resource */,
				E78E78881F8F0E830051CDCA /* other */,
				E78E78871F8F0E6F0051CDCA /* base */,
				E78E78861F8F0E5F0051CDCA /* sample */,
				E78E78941F8F20E10051CDCA /* views */,
				E78E78981F8F23030051CDCA /* shaders */,
				E78E78501F8F0DD10051CDCA /* Supporting Files */,
			);
			path = openGL_ES2.0_practice;
			sourceTree = "<group>";
		};
		E78E78501F8F0DD10051CDCA /* Supporting Files */ = {
			isa = PBXGroup;
			children = (
				E78E78511F8F0DD10051CDCA /* main.m */,
			);
			name = "Supporting Files";
			sourceTree = "<group>";
		};
		E78E78691F8F0DD10051CDCA /* openGL_ES2.0_practiceTests */ = {
			isa = PBXGroup;
			children = (
				E78E786A1F8F0DD10051CDCA /* openGL_ES2_0_practiceTests.m */,
				E78E786C1F8F0DD10051CDCA /* Info.plist */,
			);
			path = openGL_ES2.0_practiceTests;
			sourceTree = "<group>";
		};
		E78E78741F8F0DD10051CDCA /* openGL_ES2.0_practiceUITests */ = {
			isa = PBXGroup;
			children = (
				E78E78751F8F0DD10051CDCA /* openGL_ES2_0_practiceUITests.m */,
				E78E78771F8F0DD10051CDCA /* Info.plist */,
			);
			path = openGL_ES2.0_practiceUITests;
			sourceTree = "<group>";
		};
		E78E78861F8F0E5F0051CDCA /* sample */ = {
			isa = PBXGroup;
			children = (
				E7C162A41F94CBA7008C0027 /* gpuImage_sample */,
				E7C162A31F94CB8F008C0027 /* openGL_sample */,
			);
			name = sample;
			sourceTree = "<group>";
		};
		E78E78871F8F0E6F0051CDCA /* base */ = {
			isa = PBXGroup;
			children = (
				E78E78831F8F0E310051CDCA /* MDOpenGLBaseController.h */,
				E78E78841F8F0E310051CDCA /* MDOpenGLBaseController.m */,
				E78E78531F8F0DD10051CDCA /* AppDelegate.h */,
				E78E78541F8F0DD10051CDCA /* AppDelegate.m */,
				E78E78561F8F0DD10051CDCA /* ViewController.h */,
				E78E78571F8F0DD10051CDCA /* ViewController.m */,
				E7FFC8A81F94DDEC00D86470 /* MDGPUImageBaseController.h */,
				E7FFC8A91F94DDEC00D86470 /* MDGPUImageBaseController.m */,
			);
			name = base;
			sourceTree = "<group>";
		};
		E78E78881F8F0E830051CDCA /* other */ = {
			isa = PBXGroup;
			children = (
				E78E78591F8F0DD10051CDCA /* Main.storyboard */,
				E78E785C1F8F0DD10051CDCA /* Assets.xcassets */,
				E78E785E1F8F0DD10051CDCA /* LaunchScreen.storyboard */,
				E78E78611F8F0DD10051CDCA /* Info.plist */,
			);
			name = other;
			sourceTree = "<group>";
		};
		E78E78891F8F0E990051CDCA /* resource */ = {
			isa = PBXGroup;
			children = (
				E7C162A21F94CB80008C0027 /* gpuImage_resource */,
				E7C162A11F94CB65008C0027 /* openGL_resource */,
			);
			name = resource;
			sourceTree = "<group>";
		};
		E78E78941F8F20E10051CDCA /* views */ = {
			isa = PBXGroup;
			children = (
				E7C162A61F94CBCC008C0027 /* gpuImage_views */,
				E7C162A51F94CBBB008C0027 /* openGL_views */,
			);
			name = views;
			sourceTree = "<group>";
		};
		E78E78981F8F23030051CDCA /* shaders */ = {
			isa = PBXGroup;
			children = (
				E78E78991F8F23430051CDCA /* shaderv_002.vsh */,
				E78E789B1F8F235B0051CDCA /* shaderf_002.fsh */,
				E78E78A31F8F66EC0051CDCA /* shaderv_003.vsh */,
				E78E78A51F8F67040051CDCA /* shaderf_003.fsh */,
				E7C162951F9497DE008C0027 /* shaderv_painting.vsh */,
				E7C162971F949801008C0027 /* shaderf_painting.fsh */,
			);
			name = shaders;
			sourceTree = "<group>";
		};
		E78E78A71F8F69980051CDCA /* utils */ = {
			isa = PBXGroup;
			children = (
				E7C162A01F94CB57008C0027 /* gpuImage_util */,
				E7C1629F1F94CB41008C0027 /* openGL_util */,
			);
			name = utils;
			sourceTree = "<group>";
		};
		E7C1629F1F94CB41008C0027 /* openGL_util */ = {
			isa = PBXGroup;
			children = (
				E7C1627F1F945883008C0027 /* SoundEffect.h */,
				E7C162801F945883008C0027 /* SoundEffect.m */,
				E78E78A81F8F69B60051CDCA /* GLESMath.c */,
				E78E78A91F8F69B60051CDCA /* GLESMath.h */,
				E78E78AA1F8F69B60051CDCA /* GLESUtils.h */,
				E78E78AB1F8F69B60051CDCA /* GLESUtils.m */,
				E78E78AC1F8F69B60051CDCA /* Quaternion.h */,
				E78E78AD1F8F69B60051CDCA /* Vector.h */,
				E7C162821F9458DC008C0027 /* debug.h */,
				E7C162831F9458DC008C0027 /* fileUtil.h */,
				E7C162841F9458DC008C0027 /* fileUtil.m */,
				E7C1629B1F94A730008C0027 /* shaderUtil.h */,
				E7C1629A1F94A730008C0027 /* shaderUtil.c */,
			);
			name = openGL_util;
			sourceTree = "<group>";
		};
		E7C162A01F94CB57008C0027 /* gpuImage_util */ = {
			isa = PBXGroup;
			children = (
			);
			name = gpuImage_util;
			sourceTree = "<group>";
		};
		E7C162A11F94CB65008C0027 /* openGL_resource */ = {
			isa = PBXGroup;
			children = (
				E7C162861F9458EA008C0027 /* Select.caf */,
				E7C162871F9458EA008C0027 /* Erase.caf */,
				E78E788F1F8F17DE0051CDCA /* for_test.jpg */,
				E7C162881F9458F9008C0027 /* Blue.png */,
				E7C162891F9458F9008C0027 /* Green.png */,
				E7C1628A1F9458F9008C0027 /* Purple.png */,
				E7C1628B1F9458F9008C0027 /* Red.png */,
				E7C1628C1F9458F9008C0027 /* Yellow.png */,
				E7C162921F945904008C0027 /* Particle.png */,
			);
			name = openGL_resource;
			sourceTree = "<group>";
		};
		E7C162A21F94CB80008C0027 /* gpuImage_resource */ = {
			isa = PBXGroup;
			children = (
				E7901EE61F99FE3000D35249 /* abc.mp4 */,
				E74134D21F99FB0300D49E69 /* face.png */,
			);
			name = gpuImage_resource;
			sourceTree = "<group>";
		};
		E7C162A31F94CB8F008C0027 /* openGL_sample */ = {
			isa = PBXGroup;
			children = (
				E78E788C1F8F0F9E0051CDCA /* MDESEentrance_001.h */,
				E78E788D1F8F0F9E0051CDCA /* MDESEentrance_001.m */,
				E78E78911F8F1F810051CDCA /* MDESEentrance_002.h */,
				E78E78921F8F1F810051CDCA /* MDESEentrance_002.m */,
				E78E789D1F8F62960051CDCA /* MDESEentrance_003.h */,
				E78E789E1F8F62960051CDCA /* MDESEentrance_003.m */,
				E7C162791F945789008C0027 /* MDGLPaintController.h */,
				E7C1627A1F945789008C0027 /* MDGLPaintController.m */,
			);
			name = openGL_sample;
			sourceTree = "<group>";
		};
		E7C162A41F94CBA7008C0027 /* gpuImage_sample */ = {
			isa = PBXGroup;
			children = (
				E7138DF01F97257D00D5A2B5 /* MDGPUImage_002.h */,
				E7138DF11F97257D00D5A2B5 /* MDGPUImage_002.m */,
				E7138DFD1F9889F400D5A2B5 /* MDGPUImage_003.h */,
				E7138DFE1F9889F400D5A2B5 /* MDGPUImage_003.m */,
				E7138E041F98B60400D5A2B5 /* MDGPUImage_004.h */,
				E7138E051F98B60400D5A2B5 /* MDGPUImage_004.m */,
				E74134CC1F99F31B00D49E69 /* MDGPUimage_005.h */,
				E74134CD1F99F31B00D49E69 /* MDGPUimage_005.m */,
				E74134C51F99D62000D49E69 /* MDGPUImage_006.h */,
				E74134C61F99D62000D49E69 /* MDGPUImage_006.m */,
				E75FFE5D1F9A116C0064410A /* MDGPUImage_007.h */,
				E75FFE5E1F9A116C0064410A /* MDGPUImage_007.m */,
			);
			name = gpuImage_sample;
			sourceTree = "<group>";
		};
		E7C162A51F94CBBB008C0027 /* openGL_views */ = {
			isa = PBXGroup;
			children = (
				E78E78951F8F211C0051CDCA /* MDLearnView_002.h */,
				E78E78961F8F211C0051CDCA /* MDLearnView_002.m */,
				E78E78A01F8F62E40051CDCA /* MDLearnView_003.h */,
				E78E78A11F8F62E40051CDCA /* MDLearnView_003.m */,
				E7C1627C1F9457A5008C0027 /* MDPaintingView.h */,
				E7C1627D1F9457A5008C0027 /* MDPaintingView.m */,
			);
			name = openGL_views;
			sourceTree = "<group>";
		};
		E7C162A61F94CBCC008C0027 /* gpuImage_views */ = {
			isa = PBXGroup;
			children = (
				E7138E001F988AA200D5A2B5 /* GPUImageBeautifyFilter.h */,
				E7138E011F988AA200D5A2B5 /* GPUImageBeautifyFilter.m */,
			);
			name = gpuImage_views;
			sourceTree = "<group>";
		};
/* End PBXGroup section */

/* Begin PBXNativeTarget section */
		E78E784C1F8F0DD10051CDCA /* openGL_ES2.0_practice */ = {
			isa = PBXNativeTarget;
			buildConfigurationList = E78E787A1F8F0DD10051CDCA /* Build configuration list for PBXNativeTarget "openGL_ES2.0_practice" */;
			buildPhases = (
				01C08AD7C3BA6AB6D3298E73 /* [CP] Check Pods Manifest.lock */,
				E78E78491F8F0DD10051CDCA /* Sources */,
				E78E784A1F8F0DD10051CDCA /* Frameworks */,
				E78E784B1F8F0DD10051CDCA /* Resources */,
				35CC485CC39191FD4EB1D7EC /* [CP] Embed Pods Frameworks */,
				400F05140A400BB541DC30F1 /* [CP] Copy Pods Resources */,
			);
			buildRules = (
			);
			dependencies = (
			);
			name = openGL_ES2.0_practice;
			productName = openGL_ES2.0_practice;
			productReference = E78E784D1F8F0DD10051CDCA /* openGL_ES2.0_practice.app */;
			productType = "com.apple.product-type.application";
		};
		E78E78651F8F0DD10051CDCA /* openGL_ES2.0_practiceTests */ = {
			isa = PBXNativeTarget;
			buildConfigurationList = E78E787D1F8F0DD10051CDCA /* Build configuration list for PBXNativeTarget "openGL_ES2.0_practiceTests" */;
			buildPhases = (
				E78E78621F8F0DD10051CDCA /* Sources */,
				E78E78631F8F0DD10051CDCA /* Frameworks */,
				E78E78641F8F0DD10051CDCA /* Resources */,
			);
			buildRules = (
			);
			dependencies = (
				E78E78681F8F0DD10051CDCA /* PBXTargetDependency */,
			);
			name = openGL_ES2.0_practiceTests;
			productName = openGL_ES2.0_practiceTests;
			productReference = E78E78661F8F0DD10051CDCA /* openGL_ES2.0_practiceTests.xctest */;
			productType = "com.apple.product-type.bundle.unit-test";
		};
		E78E78701F8F0DD10051CDCA /* openGL_ES2.0_practiceUITests */ = {
			isa = PBXNativeTarget;
			buildConfigurationList = E78E78801F8F0DD10051CDCA /* Build configuration list for PBXNativeTarget "openGL_ES2.0_practiceUITests" */;
			buildPhases = (
				E78E786D1F8F0DD10051CDCA /* Sources */,
				E78E786E1F8F0DD10051CDCA /* Frameworks */,
				E78E786F1F8F0DD10051CDCA /* Resources */,
			);
			buildRules = (
			);
			dependencies = (
				E78E78731F8F0DD10051CDCA /* PBXTargetDependency */,
			);
			name = openGL_ES2.0_practiceUITests;
			productName = openGL_ES2.0_practiceUITests;
			productReference = E78E78711F8F0DD10051CDCA /* openGL_ES2.0_practiceUITests.xctest */;
			productType = "com.apple.product-type.bundle.ui-testing";
		};
/* End PBXNativeTarget section */

/* Begin PBXProject section */
		E78E78451F8F0DD10051CDCA /* Project object */ = {
			isa = PBXProject;
			attributes = {
				LastUpgradeCheck = 0820;
				ORGANIZATIONNAME = "符吉胜";
				TargetAttributes = {
					E78E784C1F8F0DD10051CDCA = {
						CreatedOnToolsVersion = 8.2.1;
						DevelopmentTeam = 36WT396TPZ;
						ProvisioningStyle = Automatic;
					};
					E78E78651F8F0DD10051CDCA = {
						CreatedOnToolsVersion = 8.2.1;
						DevelopmentTeam = 36WT396TPZ;
						ProvisioningStyle = Automatic;
						TestTargetID = E78E784C1F8F0DD10051CDCA;
					};
					E78E78701F8F0DD10051CDCA = {
						CreatedOnToolsVersion = 8.2.1;
						DevelopmentTeam = 36WT396TPZ;
						ProvisioningStyle = Automatic;
						TestTargetID = E78E784C1F8F0DD10051CDCA;
					};
				};
			};
			buildConfigurationList = E78E78481F8F0DD10051CDCA /* Build configuration list for PBXProject "openGL_ES2.0_practice" */;
			compatibilityVersion = "Xcode 3.2";
			developmentRegion = English;
			hasScannedForEncodings = 0;
			knownRegions = (
				en,
				Base,
			);
			mainGroup = E78E78441F8F0DD10051CDCA;
			productRefGroup = E78E784E1F8F0DD10051CDCA /* Products */;
			projectDirPath = "";
			projectRoot = "";
			targets = (
				E78E784C1F8F0DD10051CDCA /* openGL_ES2.0_practice */,
				E78E78651F8F0DD10051CDCA /* openGL_ES2.0_practiceTests */,
				E78E78701F8F0DD10051CDCA /* openGL_ES2.0_practiceUITests */,
			);
		};
/* End PBXProject section */

/* Begin PBXResourcesBuildPhase section */
		E78E784B1F8F0DD10051CDCA /* Resources */ = {
			isa = PBXResourcesBuildPhase;
			buildActionMask = 2147483647;
			files = (
				E74134D31F99FB0300D49E69 /* face.png in Resources */,
				E7C1628D1F9458F9008C0027 /* Blue.png in Resources */,
				E78E78601F8F0DD10051CDCA /* LaunchScreen.storyboard in Resources */,
				E78E789A1F8F23430051CDCA /* shaderv_002.vsh in Resources */,
				E7C162931F945904008C0027 /* Particle.png in Resources */,
				E78E78901F8F17DE0051CDCA /* for_test.jpg in Resources */,
				E7901EE71F99FE3000D35249 /* abc.mp4 in Resources */,
				E78E785D1F8F0DD10051CDCA /* Assets.xcassets in Resources */,
				E78E789C1F8F235B0051CDCA /* shaderf_002.fsh in Resources */,
				E7C1628F1F9458F9008C0027 /* Purple.png in Resources */,
				E78E78A61F8F67040051CDCA /* shaderf_003.fsh in Resources */,
				E7C162981F949801008C0027 /* shaderf_painting.fsh in Resources */,
				E78E78A41F8F66EC0051CDCA /* shaderv_003.vsh in Resources */,
				E7C162911F9458F9008C0027 /* Yellow.png in Resources */,
				E7C162961F9497DE008C0027 /* shaderv_painting.vsh in Resources */,
				E7C162901F9458F9008C0027 /* Red.png in Resources */,
				E78E785B1F8F0DD10051CDCA /* Main.storyboard in Resources */,
				E7C1628E1F9458F9008C0027 /* Green.png in Resources */,
			);
			runOnlyForDeploymentPostprocessing = 0;
		};
		E78E78641F8F0DD10051CDCA /* Resources */ = {
			isa = PBXResourcesBuildPhase;
			buildActionMask = 2147483647;
			files = (
			);
			runOnlyForDeploymentPostprocessing = 0;
		};
		E78E786F1F8F0DD10051CDCA /* Resources */ = {
			isa = PBXResourcesBuildPhase;
			buildActionMask = 2147483647;
			files = (
			);
			runOnlyForDeploymentPostprocessing = 0;
		};
/* End PBXResourcesBuildPhase section */

/* Begin PBXShellScriptBuildPhase section */
		01C08AD7C3BA6AB6D3298E73 /* [CP] Check Pods Manifest.lock */ = {
			isa = PBXShellScriptBuildPhase;
			buildActionMask = 2147483647;
			files = (
			);
			inputPaths = (
				"${PODS_PODFILE_DIR_PATH}/Podfile.lock",
				"${PODS_ROOT}/Manifest.lock",
			);
			name = "[CP] Check Pods Manifest.lock";
			outputPaths = (
				"$(DERIVED_FILE_DIR)/Pods-openGL_ES2.0_practice-checkManifestLockResult.txt",
			);
			runOnlyForDeploymentPostprocessing = 0;
			shellPath = /bin/sh;
			shellScript = "diff \"${PODS_PODFILE_DIR_PATH}/Podfile.lock\" \"${PODS_ROOT}/Manifest.lock\" > /dev/null\nif [ $? != 0 ] ; then\n    # print error to STDERR\n    echo \"error: The sandbox is not in sync with the Podfile.lock. Run 'pod install' or update your CocoaPods installation.\" >&2\n    exit 1\nfi\n# This output is used by Xcode 'outputs' to avoid re-running this script phase.\necho \"SUCCESS\" > \"${SCRIPT_OUTPUT_FILE_0}\"\n";
			showEnvVarsInLog = 0;
		};
		35CC485CC39191FD4EB1D7EC /* [CP] Embed Pods Frameworks */ = {
			isa = PBXShellScriptBuildPhase;
			buildActionMask = 2147483647;
			files = (
			);
			inputPaths = (
			);
			name = "[CP] Embed Pods Frameworks";
			outputPaths = (
			);
			runOnlyForDeploymentPostprocessing = 0;
			shellPath = /bin/sh;
			shellScript = "\"${SRCROOT}/Pods/Target Support Files/Pods-openGL_ES2.0_practice/Pods-openGL_ES2.0_practice-frameworks.sh\"\n";
			showEnvVarsInLog = 0;
		};
		400F05140A400BB541DC30F1 /* [CP] Copy Pods Resources */ = {
			isa = PBXShellScriptBuildPhase;
			buildActionMask = 2147483647;
			files = (
			);
			inputPaths = (
				"${SRCROOT}/Pods/Target Support Files/Pods-openGL_ES2.0_practice/Pods-openGL_ES2.0_practice-resources.sh",
				"${PODS_ROOT}/GPUImage/framework/Resources/lookup.png",
				"${PODS_ROOT}/GPUImage/framework/Resources/lookup_amatorka.png",
				"${PODS_ROOT}/GPUImage/framework/Resources/lookup_miss_etikate.png",
				"${PODS_ROOT}/GPUImage/framework/Resources/lookup_soft_elegance_1.png",
				"${PODS_ROOT}/GPUImage/framework/Resources/lookup_soft_elegance_2.png",
			);
			name = "[CP] Copy Pods Resources";
			outputPaths = (
				"${TARGET_BUILD_DIR}/${UNLOCALIZED_RESOURCES_FOLDER_PATH}",
			);
			runOnlyForDeploymentPostprocessing = 0;
			shellPath = /bin/sh;
			shellScript = "\"${SRCROOT}/Pods/Target Support Files/Pods-openGL_ES2.0_practice/Pods-openGL_ES2.0_practice-resources.sh\"\n";
			showEnvVarsInLog = 0;
		};
/* End PBXShellScriptBuildPhase section */

/* Begin PBXSourcesBuildPhase section */
		E78E78491F8F0DD10051CDCA /* Sources */ = {
			isa = PBXSourcesBuildPhase;
			buildActionMask = 2147483647;
			files = (
				E78E78A21F8F62E40051CDCA /* MDLearnView_003.m in Sources */,
				E7138E021F988AA200D5A2B5 /* GPUImageBeautifyFilter.m in Sources */,
				E78E78851F8F0E310051CDCA /* MDOpenGLBaseController.m in Sources */,
				E7C1629C1F94A730008C0027 /* shaderUtil.c in Sources */,
				E74134C71F99D62000D49E69 /* MDGPUImage_006.m in Sources */,
				E78E78AE1F8F69B60051CDCA /* GLESMath.c in Sources */,
				E78E78581F8F0DD10051CDCA /* ViewController.m in Sources */,
				E7C1627B1F945789008C0027 /* MDGLPaintController.m in Sources */,
				E74134CE1F99F31B00D49E69 /* MDGPUimage_005.m in Sources */,
				E75FFE5F1F9A116C0064410A /* MDGPUImage_007.m in Sources */,
				E78E78AF1F8F69B60051CDCA /* GLESUtils.m in Sources */,
				E78E78971F8F211C0051CDCA /* MDLearnView_002.m in Sources */,
				E7138E061F98B60400D5A2B5 /* MDGPUImage_004.m in Sources */,
				E7138DFF1F9889F400D5A2B5 /* MDGPUImage_003.m in Sources */,
				E78E788E1F8F0F9E0051CDCA /* MDESEentrance_001.m in Sources */,
				E78E78931F8F1F810051CDCA /* MDESEentrance_002.m in Sources */,
				E78E78551F8F0DD10051CDCA /* AppDelegate.m in Sources */,
				E7C162811F945883008C0027 /* SoundEffect.m in Sources */,
				E7C1627E1F9457A5008C0027 /* MDPaintingView.m in Sources */,
				E7C162851F9458DC008C0027 /* fileUtil.m in Sources */,
				E7138DF21F97257D00D5A2B5 /* MDGPUImage_002.m in Sources */,
				E7FFC8AA1F94DDEC00D86470 /* MDGPUImageBaseController.m in Sources */,
				E78E789F1F8F62960051CDCA /* MDESEentrance_003.m in Sources */,
				E78E78521F8F0DD10051CDCA /* main.m in Sources */,
			);
			runOnlyForDeploymentPostprocessing = 0;
		};
		E78E78621F8F0DD10051CDCA /* Sources */ = {
			isa = PBXSourcesBuildPhase;
			buildActionMask = 2147483647;
			files = (
				E78E786B1F8F0DD10051CDCA /* openGL_ES2_0_practiceTests.m in Sources */,
			);
			runOnlyForDeploymentPostprocessing = 0;
		};
		E78E786D1F8F0DD10051CDCA /* Sources */ = {
			isa = PBXSourcesBuildPhase;
			buildActionMask = 2147483647;
			files = (
				E78E78761F8F0DD10051CDCA /* openGL_ES2_0_practiceUITests.m in Sources */,
			);
			runOnlyForDeploymentPostprocessing = 0;
		};
/* End PBXSourcesBuildPhase section */

/* Begin PBXTargetDependency section */
		E78E78681F8F0DD10051CDCA /* PBXTargetDependency */ = {
			isa = PBXTargetDependency;
			target = E78E784C1F8F0DD10051CDCA /* openGL_ES2.0_practice */;
			targetProxy = E78E78671F8F0DD10051CDCA /* PBXContainerItemProxy */;
		};
		E78E78731F8F0DD10051CDCA /* PBXTargetDependency */ = {
			isa = PBXTargetDependency;
			target = E78E784C1F8F0DD10051CDCA /* openGL_ES2.0_practice */;
			targetProxy = E78E78721F8F0DD10051CDCA /* PBXContainerItemProxy */;
		};
/* End PBXTargetDependency section */

/* Begin PBXVariantGroup section */
		E78E78591F8F0DD10051CDCA /* Main.storyboard */ = {
			isa = PBXVariantGroup;
			children = (
				E78E785A1F8F0DD10051CDCA /* Base */,
			);
			name = Main.storyboard;
			sourceTree = "<group>";
		};
		E78E785E1F8F0DD10051CDCA /* LaunchScreen.storyboard */ = {
			isa = PBXVariantGroup;
			children = (
				E78E785F1F8F0DD10051CDCA /* Base */,
			);
			name = LaunchScreen.storyboard;
			sourceTree = "<group>";
		};
/* End PBXVariantGroup section */

/* Begin XCBuildConfiguration section */
		E78E78781F8F0DD10051CDCA /* Debug */ = {
			isa = XCBuildConfiguration;
			buildSettings = {
				ALWAYS_SEARCH_USER_PATHS = NO;
				CLANG_ANALYZER_NONNULL = YES;
				CLANG_CXX_LANGUAGE_STANDARD = "gnu++0x";
				CLANG_CXX_LIBRARY = "libc++";
				CLANG_ENABLE_MODULES = YES;
				CLANG_ENABLE_OBJC_ARC = YES;
				CLANG_WARN_BOOL_CONVERSION = YES;
				CLANG_WARN_CONSTANT_CONVERSION = YES;
				CLANG_WARN_DIRECT_OBJC_ISA_USAGE = YES_ERROR;
				CLANG_WARN_DOCUMENTATION_COMMENTS = YES;
				CLANG_WARN_EMPTY_BODY = YES;
				CLANG_WARN_ENUM_CONVERSION = YES;
				CLANG_WARN_INFINITE_RECURSION = YES;
				CLANG_WARN_INT_CONVERSION = YES;
				CLANG_WARN_OBJC_ROOT_CLASS = YES_ERROR;
				CLANG_WARN_SUSPICIOUS_MOVE = YES;
				CLANG_WARN_UNREACHABLE_CODE = YES;
				CLANG_WARN__DUPLICATE_METHOD_MATCH = YES;
				"CODE_SIGN_IDENTITY[sdk=iphoneos*]" = "iPhone Developer";
				COPY_PHASE_STRIP = NO;
				DEBUG_INFORMATION_FORMAT = dwarf;
				ENABLE_STRICT_OBJC_MSGSEND = YES;
				ENABLE_TESTABILITY = YES;
				GCC_C_LANGUAGE_STANDARD = gnu99;
				GCC_DYNAMIC_NO_PIC = NO;
				GCC_NO_COMMON_BLOCKS = YES;
				GCC_OPTIMIZATION_LEVEL = 0;
				GCC_PREPROCESSOR_DEFINITIONS = (
					"DEBUG=1",
					"$(inherited)",
				);
				GCC_WARN_64_TO_32_BIT_CONVERSION = YES;
				GCC_WARN_ABOUT_RETURN_TYPE = YES_ERROR;
				GCC_WARN_UNDECLARED_SELECTOR = YES;
				GCC_WARN_UNINITIALIZED_AUTOS = YES_AGGRESSIVE;
				GCC_WARN_UNUSED_FUNCTION = YES;
				GCC_WARN_UNUSED_VARIABLE = YES;
				IPHONEOS_DEPLOYMENT_TARGET = 10.2;
				MTL_ENABLE_DEBUG_INFO = YES;
				ONLY_ACTIVE_ARCH = YES;
				SDKROOT = iphoneos;
			};
			name = Debug;
		};
		E78E78791F8F0DD10051CDCA /* Release */ = {
			isa = XCBuildConfiguration;
			buildSettings = {
				ALWAYS_SEARCH_USER_PATHS = NO;
				CLANG_ANALYZER_NONNULL = YES;
				CLANG_CXX_LANGUAGE_STANDARD = "gnu++0x";
				CLANG_CXX_LIBRARY = "libc++";
				CLANG_ENABLE_MODULES = YES;
				CLANG_ENABLE_OBJC_ARC = YES;
				CLANG_WARN_BOOL_CONVERSION = YES;
				CLANG_WARN_CONSTANT_CONVERSION = YES;
				CLANG_WARN_DIRECT_OBJC_ISA_USAGE = YES_ERROR;
				CLANG_WARN_DOCUMENTATION_COMMENTS = YES;
				CLANG_WARN_EMPTY_BODY = YES;
				CLANG_WARN_ENUM_CONVERSION = YES;
				CLANG_WARN_INFINITE_RECURSION = YES;
				CLANG_WARN_INT_CONVERSION = YES;
				CLANG_WARN_OBJC_ROOT_CLASS = YES_ERROR;
				CLANG_WARN_SUSPICIOUS_MOVE = YES;
				CLANG_WARN_UNREACHABLE_CODE = YES;
				CLANG_WARN__DUPLICATE_METHOD_MATCH = YES;
				"CODE_SIGN_IDENTITY[sdk=iphoneos*]" = "iPhone Developer";
				COPY_PHASE_STRIP = NO;
				DEBUG_INFORMATION_FORMAT = "dwarf-with-dsym";
				ENABLE_NS_ASSERTIONS = NO;
				ENABLE_STRICT_OBJC_MSGSEND = YES;
				GCC_C_LANGUAGE_STANDARD = gnu99;
				GCC_NO_COMMON_BLOCKS = YES;
				GCC_WARN_64_TO_32_BIT_CONVERSION = YES;
				GCC_WARN_ABOUT_RETURN_TYPE = YES_ERROR;
				GCC_WARN_UNDECLARED_SELECTOR = YES;
				GCC_WARN_UNINITIALIZED_AUTOS = YES_AGGRESSIVE;
				GCC_WARN_UNUSED_FUNCTION = YES;
				GCC_WARN_UNUSED_VARIABLE = YES;
				IPHONEOS_DEPLOYMENT_TARGET = 10.2;
				MTL_ENABLE_DEBUG_INFO = NO;
				SDKROOT = iphoneos;
				VALIDATE_PRODUCT = YES;
			};
			name = Release;
		};
		E78E787B1F8F0DD10051CDCA /* Debug */ = {
			isa = XCBuildConfiguration;
			baseConfigurationReference = A800D762BA549E6B97553D4A /* Pods-openGL_ES2.0_practice.debug.xcconfig */;
			buildSettings = {
				ASSETCATALOG_COMPILER_APPICON_NAME = AppIcon;
				DEVELOPMENT_TEAM = 36WT396TPZ;
				INFOPLIST_FILE = openGL_ES2.0_practice/Info.plist;
				LD_RUNPATH_SEARCH_PATHS = "$(inherited) @executable_path/Frameworks";
				PRODUCT_BUNDLE_IDENTIFIER = "momo.openGL-ES2-0-practice";
				PRODUCT_NAME = "$(TARGET_NAME)";
			};
			name = Debug;
		};
		E78E787C1F8F0DD10051CDCA /* Release */ = {
			isa = XCBuildConfiguration;
			baseConfigurationReference = C9523FBBB66C19E208DCC5E9 /* Pods-openGL_ES2.0_practice.release.xcconfig */;
			buildSettings = {
				ASSETCATALOG_COMPILER_APPICON_NAME = AppIcon;
				DEVELOPMENT_TEAM = 36WT396TPZ;
				INFOPLIST_FILE = openGL_ES2.0_practice/Info.plist;
				LD_RUNPATH_SEARCH_PATHS = "$(inherited) @executable_path/Frameworks";
				PRODUCT_BUNDLE_IDENTIFIER = "momo.openGL-ES2-0-practice";
				PRODUCT_NAME = "$(TARGET_NAME)";
			};
			name = Release;
		};
		E78E787E1F8F0DD10051CDCA /* Debug */ = {
			isa = XCBuildConfiguration;
			buildSettings = {
				BUNDLE_LOADER = "$(TEST_HOST)";
				DEVELOPMENT_TEAM = 36WT396TPZ;
				INFOPLIST_FILE = openGL_ES2.0_practiceTests/Info.plist;
				LD_RUNPATH_SEARCH_PATHS = "$(inherited) @executable_path/Frameworks @loader_path/Frameworks";
				PRODUCT_BUNDLE_IDENTIFIER = "momo.openGL-ES2-0-practiceTests";
				PRODUCT_NAME = "$(TARGET_NAME)";
				TEST_HOST = "$(BUILT_PRODUCTS_DIR)/openGL_ES2.0_practice.app/openGL_ES2.0_practice";
			};
			name = Debug;
		};
		E78E787F1F8F0DD10051CDCA /* Release */ = {
			isa = XCBuildConfiguration;
			buildSettings = {
				BUNDLE_LOADER = "$(TEST_HOST)";
				DEVELOPMENT_TEAM = 36WT396TPZ;
				INFOPLIST_FILE = openGL_ES2.0_practiceTests/Info.plist;
				LD_RUNPATH_SEARCH_PATHS = "$(inherited) @executable_path/Frameworks @loader_path/Frameworks";
				PRODUCT_BUNDLE_IDENTIFIER = "momo.openGL-ES2-0-practiceTests";
				PRODUCT_NAME = "$(TARGET_NAME)";
				TEST_HOST = "$(BUILT_PRODUCTS_DIR)/openGL_ES2.0_practice.app/openGL_ES2.0_practice";
			};
			name = Release;
		};
		E78E78811F8F0DD10051CDCA /* Debug */ = {
			isa = XCBuildConfiguration;
			buildSettings = {
				DEVELOPMENT_TEAM = 36WT396TPZ;
				INFOPLIST_FILE = openGL_ES2.0_practiceUITests/Info.plist;
				LD_RUNPATH_SEARCH_PATHS = "$(inherited) @executable_path/Frameworks @loader_path/Frameworks";
				PRODUCT_BUNDLE_IDENTIFIER = "momo.openGL-ES2-0-practiceUITests";
				PRODUCT_NAME = "$(TARGET_NAME)";
				TEST_TARGET_NAME = openGL_ES2.0_practice;
			};
			name = Debug;
		};
		E78E78821F8F0DD10051CDCA /* Release */ = {
			isa = XCBuildConfiguration;
			buildSettings = {
				DEVELOPMENT_TEAM = 36WT396TPZ;
				INFOPLIST_FILE = openGL_ES2.0_practiceUITests/Info.plist;
				LD_RUNPATH_SEARCH_PATHS = "$(inherited) @executable_path/Frameworks @loader_path/Frameworks";
				PRODUCT_BUNDLE_IDENTIFIER = "momo.openGL-ES2-0-practiceUITests";
				PRODUCT_NAME = "$(TARGET_NAME)";
				TEST_TARGET_NAME = openGL_ES2.0_practice;
			};
			name = Release;
		};
/* End XCBuildConfiguration section */

/* Begin XCConfigurationList section */
		E78E78481F8F0DD10051CDCA /* Build configuration list for PBXProject "openGL_ES2.0_practice" */ = {
			isa = XCConfigurationList;
			buildConfigurations = (
				E78E78781F8F0DD10051CDCA /* Debug */,
				E78E78791F8F0DD10051CDCA /* Release */,
			);
			defaultConfigurationIsVisible = 0;
			defaultConfigurationName = Release;
		};
		E78E787A1F8F0DD10051CDCA /* Build configuration list for PBXNativeTarget "openGL_ES2.0_practice" */ = {
			isa = XCConfigurationList;
			buildConfigurations = (
				E78E787B1F8F0DD10051CDCA /* Debug */,
				E78E787C1F8F0DD10051CDCA /* Release */,
			);
			defaultConfigurationIsVisible = 0;
			defaultConfigurationName = Release;
		};
		E78E787D1F8F0DD10051CDCA /* Build configuration list for PBXNativeTarget "openGL_ES2.0_practiceTests" */ = {
			isa = XCConfigurationList;
			buildConfigurations = (
				E78E787E1F8F0DD10051CDCA /* Debug */,
				E78E787F1F8F0DD10051CDCA /* Release */,
			);
			defaultConfigurationIsVisible = 0;
			defaultConfigurationName = Release;
		};
		E78E78801F8F0DD10051CDCA /* Build configuration list for PBXNativeTarget "openGL_ES2.0_practiceUITests" */ = {
			isa = XCConfigurationList;
			buildConfigurations = (
				E78E78811F8F0DD10051CDCA /* Debug */,
				E78E78821F8F0DD10051CDCA /* Release */,
			);
			defaultConfigurationIsVisible = 0;
			defaultConfigurationName = Release;
		};
/* End XCConfigurationList section */
	};
	rootObject = E78E78451F8F0DD10051CDCA /* Project object */;
}
